// !$*UTF8*$!
{
	archiveVersion = 1;
	classes = {
	};
	objectVersion = 56;
	objects = {

/* Begin PBXBuildFile section */
		878E3F8E28B3CD93004A7643 /* CountriesListView.swift in Sources */ = {isa = PBXBuildFile; fileRef = 878E3F8D28B3CD93004A7643 /* CountriesListView.swift */; };
		878E3F9028B3D2EF004A7643 /* AirlinesByCountryView.swift in Sources */ = {isa = PBXBuildFile; fileRef = 878E3F8F28B3D2EF004A7643 /* AirlinesByCountryView.swift */; };
		878E3F9328B3E5A0004A7643 /* SlidingTabView.swift in Sources */ = {isa = PBXBuildFile; fileRef = 878E3F9228B3E5A0004A7643 /* SlidingTabView.swift */; };
		87B00F4928B2F9220078D785 /* AirlineListView.swift in Sources */ = {isa = PBXBuildFile; fileRef = 87B00F4828B2F9220078D785 /* AirlineListView.swift */; };
		87B00F4B28B302760078D785 /* TabsView.swift in Sources */ = {isa = PBXBuildFile; fileRef = 87B00F4A28B302760078D785 /* TabsView.swift */; };
		87B00F4D28B3087C0078D785 /* AirlineView.swift in Sources */ = {isa = PBXBuildFile; fileRef = 87B00F4C28B3087C0078D785 /* AirlineView.swift */; };
		87B00F4F28B308930078D785 /* AircraftView.swift in Sources */ = {isa = PBXBuildFile; fileRef = 87B00F4E28B308930078D785 /* AircraftView.swift */; };
		87C3032B28B1A64100B81ADA /* DecodeStructs.swift in Sources */ = {isa = PBXBuildFile; fileRef = 87C3032A28B1A64100B81ADA /* DecodeStructs.swift */; };
		87C3032D28B1A64900B81ADA /* DataImportFunctions.swift in Sources */ = {isa = PBXBuildFile; fileRef = 87C3032C28B1A64900B81ADA /* DataImportFunctions.swift */; };
		87C3032F28B1A65300B81ADA /* DataLoading&Arrays.swift in Sources */ = {isa = PBXBuildFile; fileRef = 87C3032E28B1A65300B81ADA /* DataLoading&Arrays.swift */; };
		87FF77B128B1885200D20483 /* Air_InfoApp.swift in Sources */ = {isa = PBXBuildFile; fileRef = 87FF77B028B1885200D20483 /* Air_InfoApp.swift */; };
		87FF77B528B1885300D20483 /* Assets.xcassets in Resources */ = {isa = PBXBuildFile; fileRef = 87FF77B428B1885300D20483 /* Assets.xcassets */; };
		87FF77B928B1885300D20483 /* Preview Assets.xcassets in Resources */ = {isa = PBXBuildFile; fileRef = 87FF77B828B1885300D20483 /* Preview Assets.xcassets */; };
		87FF77C328B1885300D20483 /* Air_InfoTests.swift in Sources */ = {isa = PBXBuildFile; fileRef = 87FF77C228B1885300D20483 /* Air_InfoTests.swift */; };
		87FF77CD28B1885300D20483 /* Air_InfoUITests.swift in Sources */ = {isa = PBXBuildFile; fileRef = 87FF77CC28B1885300D20483 /* Air_InfoUITests.swift */; };
		87FF77CF28B1885300D20483 /* Air_InfoUITestsLaunchTests.swift in Sources */ = {isa = PBXBuildFile; fileRef = 87FF77CE28B1885300D20483 /* Air_InfoUITestsLaunchTests.swift */; };
/* End PBXBuildFile section */

/* Begin PBXContainerItemProxy section */
		87FF77BF28B1885300D20483 /* PBXContainerItemProxy */ = {
			isa = PBXContainerItemProxy;
			containerPortal = 87FF77A528B1885200D20483 /* Project object */;
			proxyType = 1;
			remoteGlobalIDString = 87FF77AC28B1885200D20483;
			remoteInfo = "Air Info";
		};
		87FF77C928B1885300D20483 /* PBXContainerItemProxy */ = {
			isa = PBXContainerItemProxy;
			containerPortal = 87FF77A528B1885200D20483 /* Project object */;
			proxyType = 1;
			remoteGlobalIDString = 87FF77AC28B1885200D20483;
			remoteInfo = "Air Info";
		};
/* End PBXContainerItemProxy section */

/* Begin PBXFileReference section */
		878E3F8D28B3CD93004A7643 /* CountriesListView.swift */ = {isa = PBXFileReference; lastKnownFileType = sourcecode.swift; path = CountriesListView.swift; sourceTree = "<group>"; };
		878E3F8F28B3D2EF004A7643 /* AirlinesByCountryView.swift */ = {isa = PBXFileReference; lastKnownFileType = sourcecode.swift; path = AirlinesByCountryView.swift; sourceTree = "<group>"; };
		878E3F9228B3E5A0004A7643 /* SlidingTabView.swift */ = {isa = PBXFileReference; lastKnownFileType = sourcecode.swift; path = SlidingTabView.swift; sourceTree = "<group>"; };
		87B00F4828B2F9220078D785 /* AirlineListView.swift */ = {isa = PBXFileReference; lastKnownFileType = sourcecode.swift; path = AirlineListView.swift; sourceTree = "<group>"; };
		87B00F4A28B302760078D785 /* TabsView.swift */ = {isa = PBXFileReference; lastKnownFileType = sourcecode.swift; path = TabsView.swift; sourceTree = "<group>"; };
		87B00F4C28B3087C0078D785 /* AirlineView.swift */ = {isa = PBXFileReference; lastKnownFileType = sourcecode.swift; path = AirlineView.swift; sourceTree = "<group>"; };
		87B00F4E28B308930078D785 /* AircraftView.swift */ = {isa = PBXFileReference; lastKnownFileType = sourcecode.swift; path = AircraftView.swift; sourceTree = "<group>"; };
		87C3032A28B1A64100B81ADA /* DecodeStructs.swift */ = {isa = PBXFileReference; lastKnownFileType = sourcecode.swift; path = DecodeStructs.swift; sourceTree = "<group>"; };
		87C3032C28B1A64900B81ADA /* DataImportFunctions.swift */ = {isa = PBXFileReference; lastKnownFileType = sourcecode.swift; path = DataImportFunctions.swift; sourceTree = "<group>"; };
		87C3032E28B1A65300B81ADA /* DataLoading&Arrays.swift */ = {isa = PBXFileReference; lastKnownFileType = sourcecode.swift; path = "DataLoading&Arrays.swift"; sourceTree = "<group>"; };
		87FF77AD28B1885200D20483 /* Air Info.app */ = {isa = PBXFileReference; explicitFileType = wrapper.application; includeInIndex = 0; path = "Air Info.app"; sourceTree = BUILT_PRODUCTS_DIR; };
		87FF77B028B1885200D20483 /* Air_InfoApp.swift */ = {isa = PBXFileReference; lastKnownFileType = sourcecode.swift; path = Air_InfoApp.swift; sourceTree = "<group>"; };
		87FF77B428B1885300D20483 /* Assets.xcassets */ = {isa = PBXFileReference; lastKnownFileType = folder.assetcatalog; path = Assets.xcassets; sourceTree = "<group>"; };
		87FF77B628B1885300D20483 /* Air_Info.entitlements */ = {isa = PBXFileReference; lastKnownFileType = text.plist.entitlements; path = Air_Info.entitlements; sourceTree = "<group>"; };
		87FF77B828B1885300D20483 /* Preview Assets.xcassets */ = {isa = PBXFileReference; lastKnownFileType = folder.assetcatalog; path = "Preview Assets.xcassets"; sourceTree = "<group>"; };
		87FF77BE28B1885300D20483 /* Air InfoTests.xctest */ = {isa = PBXFileReference; explicitFileType = wrapper.cfbundle; includeInIndex = 0; path = "Air InfoTests.xctest"; sourceTree = BUILT_PRODUCTS_DIR; };
		87FF77C228B1885300D20483 /* Air_InfoTests.swift */ = {isa = PBXFileReference; lastKnownFileType = sourcecode.swift; path = Air_InfoTests.swift; sourceTree = "<group>"; };
		87FF77C828B1885300D20483 /* Air InfoUITests.xctest */ = {isa = PBXFileReference; explicitFileType = wrapper.cfbundle; includeInIndex = 0; path = "Air InfoUITests.xctest"; sourceTree = BUILT_PRODUCTS_DIR; };
		87FF77CC28B1885300D20483 /* Air_InfoUITests.swift */ = {isa = PBXFileReference; lastKnownFileType = sourcecode.swift; path = Air_InfoUITests.swift; sourceTree = "<group>"; };
		87FF77CE28B1885300D20483 /* Air_InfoUITestsLaunchTests.swift */ = {isa = PBXFileReference; lastKnownFileType = sourcecode.swift; path = Air_InfoUITestsLaunchTests.swift; sourceTree = "<group>"; };
/* End PBXFileReference section */

/* Begin PBXFrameworksBuildPhase section */
		87FF77AA28B1885200D20483 /* Frameworks */ = {
			isa = PBXFrameworksBuildPhase;
			buildActionMask = 2147483647;
			files = (
			);
			runOnlyForDeploymentPostprocessing = 0;
		};
		87FF77BB28B1885300D20483 /* Frameworks */ = {
			isa = PBXFrameworksBuildPhase;
			buildActionMask = 2147483647;
			files = (
			);
			runOnlyForDeploymentPostprocessing = 0;
		};
		87FF77C528B1885300D20483 /* Frameworks */ = {
			isa = PBXFrameworksBuildPhase;
			buildActionMask = 2147483647;
			files = (
			);
			runOnlyForDeploymentPostprocessing = 0;
		};
/* End PBXFrameworksBuildPhase section */

/* Begin PBXGroup section */
		87C3033128B1AC2B00B81ADA /* Data Files */ = {
			isa = PBXGroup;
			children = (
				87C3032A28B1A64100B81ADA /* DecodeStructs.swift */,
				87C3032C28B1A64900B81ADA /* DataImportFunctions.swift */,
				87C3032E28B1A65300B81ADA /* DataLoading&Arrays.swift */,
			);
			path = "Data Files";
			sourceTree = "<group>";
		};
		87FF77A428B1885200D20483 = {
			isa = PBXGroup;
			children = (
				87FF77AF28B1885200D20483 /* Air Info */,
				87FF77C128B1885300D20483 /* Air InfoTests */,
				87FF77CB28B1885300D20483 /* Air InfoUITests */,
				87FF77AE28B1885200D20483 /* Products */,
			);
			sourceTree = "<group>";
		};
		87FF77AE28B1885200D20483 /* Products */ = {
			isa = PBXGroup;
			children = (
				87FF77AD28B1885200D20483 /* Air Info.app */,
				87FF77BE28B1885300D20483 /* Air InfoTests.xctest */,
				87FF77C828B1885300D20483 /* Air InfoUITests.xctest */,
			);
			name = Products;
			sourceTree = "<group>";
		};
		87FF77AF28B1885200D20483 /* Air Info */ = {
			isa = PBXGroup;
			children = (
				87FF77B028B1885200D20483 /* Air_InfoApp.swift */,
				87B00F4A28B302760078D785 /* TabsView.swift */,
				87FF77DB28B18F1500D20483 /* Fleet List */,
				87FF77B428B1885300D20483 /* Assets.xcassets */,
				87FF77B628B1885300D20483 /* Air_Info.entitlements */,
				87FF77B728B1885300D20483 /* Preview Content */,
				878E3F9228B3E5A0004A7643 /* SlidingTabView.swift */,
			);
			path = "Air Info";
			sourceTree = "<group>";
		};
		87FF77B728B1885300D20483 /* Preview Content */ = {
			isa = PBXGroup;
			children = (
				87FF77B828B1885300D20483 /* Preview Assets.xcassets */,
			);
			path = "Preview Content";
			sourceTree = "<group>";
		};
		87FF77C128B1885300D20483 /* Air InfoTests */ = {
			isa = PBXGroup;
			children = (
				87FF77C228B1885300D20483 /* Air_InfoTests.swift */,
			);
			path = "Air InfoTests";
			sourceTree = "<group>";
		};
		87FF77CB28B1885300D20483 /* Air InfoUITests */ = {
			isa = PBXGroup;
			children = (
				87FF77CC28B1885300D20483 /* Air_InfoUITests.swift */,
				87FF77CE28B1885300D20483 /* Air_InfoUITestsLaunchTests.swift */,
			);
			path = "Air InfoUITests";
			sourceTree = "<group>";
		};
		87FF77DB28B18F1500D20483 /* Fleet List */ = {
			isa = PBXGroup;
			children = (
				87B00F4828B2F9220078D785 /* AirlineListView.swift */,
				878E3F8D28B3CD93004A7643 /* CountriesListView.swift */,
				878E3F8F28B3D2EF004A7643 /* AirlinesByCountryView.swift */,
				87B00F4C28B3087C0078D785 /* AirlineView.swift */,
				87B00F4E28B308930078D785 /* AircraftView.swift */,
				87C3033128B1AC2B00B81ADA /* Data Files */,
			);
			path = "Fleet List";
			sourceTree = "<group>";
		};
/* End PBXGroup section */

/* Begin PBXNativeTarget section */
		87FF77AC28B1885200D20483 /* Air Info */ = {
			isa = PBXNativeTarget;
			buildConfigurationList = 87FF77D228B1885300D20483 /* Build configuration list for PBXNativeTarget "Air Info" */;
			buildPhases = (
				87FF77A928B1885200D20483 /* Sources */,
				87FF77AA28B1885200D20483 /* Frameworks */,
				87FF77AB28B1885200D20483 /* Resources */,
			);
			buildRules = (
			);
			dependencies = (
			);
			name = "Air Info";
			productName = "Air Info";
			productReference = 87FF77AD28B1885200D20483 /* Air Info.app */;
			productType = "com.apple.product-type.application";
		};
		87FF77BD28B1885300D20483 /* Air InfoTests */ = {
			isa = PBXNativeTarget;
			buildConfigurationList = 87FF77D528B1885300D20483 /* Build configuration list for PBXNativeTarget "Air InfoTests" */;
			buildPhases = (
				87FF77BA28B1885300D20483 /* Sources */,
				87FF77BB28B1885300D20483 /* Frameworks */,
				87FF77BC28B1885300D20483 /* Resources */,
			);
			buildRules = (
			);
			dependencies = (
				87FF77C028B1885300D20483 /* PBXTargetDependency */,
			);
			name = "Air InfoTests";
			productName = "Air InfoTests";
			productReference = 87FF77BE28B1885300D20483 /* Air InfoTests.xctest */;
			productType = "com.apple.product-type.bundle.unit-test";
		};
		87FF77C728B1885300D20483 /* Air InfoUITests */ = {
			isa = PBXNativeTarget;
			buildConfigurationList = 87FF77D828B1885300D20483 /* Build configuration list for PBXNativeTarget "Air InfoUITests" */;
			buildPhases = (
				87FF77C428B1885300D20483 /* Sources */,
				87FF77C528B1885300D20483 /* Frameworks */,
				87FF77C628B1885300D20483 /* Resources */,
			);
			buildRules = (
			);
			dependencies = (
				87FF77CA28B1885300D20483 /* PBXTargetDependency */,
			);
			name = "Air InfoUITests";
			productName = "Air InfoUITests";
			productReference = 87FF77C828B1885300D20483 /* Air InfoUITests.xctest */;
			productType = "com.apple.product-type.bundle.ui-testing";
		};
/* End PBXNativeTarget section */

/* Begin PBXProject section */
		87FF77A528B1885200D20483 /* Project object */ = {
			isa = PBXProject;
			attributes = {
				BuildIndependentTargetsInParallel = 1;
				LastSwiftUpdateCheck = 1400;
				LastUpgradeCheck = 1400;
				TargetAttributes = {
					87FF77AC28B1885200D20483 = {
						CreatedOnToolsVersion = 14.0;
					};
					87FF77BD28B1885300D20483 = {
						CreatedOnToolsVersion = 14.0;
						TestTargetID = 87FF77AC28B1885200D20483;
					};
					87FF77C728B1885300D20483 = {
						CreatedOnToolsVersion = 14.0;
						TestTargetID = 87FF77AC28B1885200D20483;
					};
				};
			};
			buildConfigurationList = 87FF77A828B1885200D20483 /* Build configuration list for PBXProject "Air Info" */;
			compatibilityVersion = "Xcode 14.0";
			developmentRegion = en;
			hasScannedForEncodings = 0;
			knownRegions = (
				en,
				Base,
			);
			mainGroup = 87FF77A428B1885200D20483;
			productRefGroup = 87FF77AE28B1885200D20483 /* Products */;
			projectDirPath = "";
			projectRoot = "";
			targets = (
				87FF77AC28B1885200D20483 /* Air Info */,
				87FF77BD28B1885300D20483 /* Air InfoTests */,
				87FF77C728B1885300D20483 /* Air InfoUITests */,
			);
		};
/* End PBXProject section */

/* Begin PBXResourcesBuildPhase section */
		87FF77AB28B1885200D20483 /* Resources */ = {
			isa = PBXResourcesBuildPhase;
			buildActionMask = 2147483647;
			files = (
				87FF77B928B1885300D20483 /* Preview Assets.xcassets in Resources */,
				87FF77B528B1885300D20483 /* Assets.xcassets in Resources */,
			);
			runOnlyForDeploymentPostprocessing = 0;
		};
		87FF77BC28B1885300D20483 /* Resources */ = {
			isa = PBXResourcesBuildPhase;
			buildActionMask = 2147483647;
			files = (
			);
			runOnlyForDeploymentPostprocessing = 0;
		};
		87FF77C628B1885300D20483 /* Resources */ = {
			isa = PBXResourcesBuildPhase;
			buildActionMask = 2147483647;
			files = (
			);
			runOnlyForDeploymentPostprocessing = 0;
		};
/* End PBXResourcesBuildPhase section */

/* Begin PBXSourcesBuildPhase section */
		87FF77A928B1885200D20483 /* Sources */ = {
			isa = PBXSourcesBuildPhase;
			buildActionMask = 2147483647;
			files = (
				878E3F9328B3E5A0004A7643 /* SlidingTabView.swift in Sources */,
				87B00F4B28B302760078D785 /* TabsView.swift in Sources */,
				87C3032F28B1A65300B81ADA /* DataLoading&Arrays.swift in Sources */,
				87C3032B28B1A64100B81ADA /* DecodeStructs.swift in Sources */,
				87FF77B128B1885200D20483 /* Air_InfoApp.swift in Sources */,
				87B00F4F28B308930078D785 /* AircraftView.swift in Sources */,
				87C3032D28B1A64900B81ADA /* DataImportFunctions.swift in Sources */,
				87B00F4928B2F9220078D785 /* AirlineListView.swift in Sources */,
				878E3F9028B3D2EF004A7643 /* AirlinesByCountryView.swift in Sources */,
				878E3F8E28B3CD93004A7643 /* CountriesListView.swift in Sources */,
				87B00F4D28B3087C0078D785 /* AirlineView.swift in Sources */,
			);
			runOnlyForDeploymentPostprocessing = 0;
		};
		87FF77BA28B1885300D20483 /* Sources */ = {
			isa = PBXSourcesBuildPhase;
			buildActionMask = 2147483647;
			files = (
				87FF77C328B1885300D20483 /* Air_InfoTests.swift in Sources */,
			);
			runOnlyForDeploymentPostprocessing = 0;
		};
		87FF77C428B1885300D20483 /* Sources */ = {
			isa = PBXSourcesBuildPhase;
			buildActionMask = 2147483647;
			files = (
				87FF77CF28B1885300D20483 /* Air_InfoUITestsLaunchTests.swift in Sources */,
				87FF77CD28B1885300D20483 /* Air_InfoUITests.swift in Sources */,
			);
			runOnlyForDeploymentPostprocessing = 0;
		};
/* End PBXSourcesBuildPhase section */

/* Begin PBXTargetDependency section */
		87FF77C028B1885300D20483 /* PBXTargetDependency */ = {
			isa = PBXTargetDependency;
			target = 87FF77AC28B1885200D20483 /* Air Info */;
			targetProxy = 87FF77BF28B1885300D20483 /* PBXContainerItemProxy */;
		};
		87FF77CA28B1885300D20483 /* PBXTargetDependency */ = {
			isa = PBXTargetDependency;
			target = 87FF77AC28B1885200D20483 /* Air Info */;
			targetProxy = 87FF77C928B1885300D20483 /* PBXContainerItemProxy */;
		};
/* End PBXTargetDependency section */

/* Begin XCBuildConfiguration section */
		87FF77D028B1885300D20483 /* Debug */ = {
			isa = XCBuildConfiguration;
			buildSettings = {
				ALWAYS_SEARCH_USER_PATHS = NO;
				CLANG_ANALYZER_NONNULL = YES;
				CLANG_ANALYZER_NUMBER_OBJECT_CONVERSION = YES_AGGRESSIVE;
				CLANG_CXX_LANGUAGE_STANDARD = "gnu++20";
				CLANG_ENABLE_MODULES = YES;
				CLANG_ENABLE_OBJC_ARC = YES;
				CLANG_ENABLE_OBJC_WEAK = YES;
				CLANG_WARN_BLOCK_CAPTURE_AUTORELEASING = YES;
				CLANG_WARN_BOOL_CONVERSION = YES;
				CLANG_WARN_COMMA = YES;
				CLANG_WARN_CONSTANT_CONVERSION = YES;
				CLANG_WARN_DEPRECATED_OBJC_IMPLEMENTATIONS = YES;
				CLANG_WARN_DIRECT_OBJC_ISA_USAGE = YES_ERROR;
				CLANG_WARN_DOCUMENTATION_COMMENTS = YES;
				CLANG_WARN_EMPTY_BODY = YES;
				CLANG_WARN_ENUM_CONVERSION = YES;
				CLANG_WARN_INFINITE_RECURSION = YES;
				CLANG_WARN_INT_CONVERSION = YES;
				CLANG_WARN_NON_LITERAL_NULL_CONVERSION = YES;
				CLANG_WARN_OBJC_IMPLICIT_RETAIN_SELF = YES;
				CLANG_WARN_OBJC_LITERAL_CONVERSION = YES;
				CLANG_WARN_OBJC_ROOT_CLASS = YES_ERROR;
				CLANG_WARN_QUOTED_INCLUDE_IN_FRAMEWORK_HEADER = YES;
				CLANG_WARN_RANGE_LOOP_ANALYSIS = YES;
				CLANG_WARN_STRICT_PROTOTYPES = YES;
				CLANG_WARN_SUSPICIOUS_MOVE = YES;
				CLANG_WARN_UNGUARDED_AVAILABILITY = YES_AGGRESSIVE;
				CLANG_WARN_UNREACHABLE_CODE = YES;
				CLANG_WARN__DUPLICATE_METHOD_MATCH = YES;
				COPY_PHASE_STRIP = NO;
				DEBUG_INFORMATION_FORMAT = dwarf;
				ENABLE_STRICT_OBJC_MSGSEND = YES;
				ENABLE_TESTABILITY = YES;
				GCC_C_LANGUAGE_STANDARD = gnu11;
				GCC_DYNAMIC_NO_PIC = NO;
				GCC_NO_COMMON_BLOCKS = YES;
				GCC_OPTIMIZATION_LEVEL = 0;
				GCC_PREPROCESSOR_DEFINITIONS = (
					"DEBUG=1",
					"$(inherited)",
				);
				GCC_WARN_64_TO_32_BIT_CONVERSION = YES;
				GCC_WARN_ABOUT_RETURN_TYPE = YES_ERROR;
				GCC_WARN_UNDECLARED_SELECTOR = YES;
				GCC_WARN_UNINITIALIZED_AUTOS = YES_AGGRESSIVE;
				GCC_WARN_UNUSED_FUNCTION = YES;
				GCC_WARN_UNUSED_VARIABLE = YES;
				MTL_ENABLE_DEBUG_INFO = INCLUDE_SOURCE;
				MTL_FAST_MATH = YES;
				ONLY_ACTIVE_ARCH = YES;
				SWIFT_ACTIVE_COMPILATION_CONDITIONS = DEBUG;
				SWIFT_OPTIMIZATION_LEVEL = "-Onone";
			};
			name = Debug;
		};
		87FF77D128B1885300D20483 /* Release */ = {
			isa = XCBuildConfiguration;
			buildSettings = {
				ALWAYS_SEARCH_USER_PATHS = NO;
				CLANG_ANALYZER_NONNULL = YES;
				CLANG_ANALYZER_NUMBER_OBJECT_CONVERSION = YES_AGGRESSIVE;
				CLANG_CXX_LANGUAGE_STANDARD = "gnu++20";
				CLANG_ENABLE_MODULES = YES;
				CLANG_ENABLE_OBJC_ARC = YES;
				CLANG_ENABLE_OBJC_WEAK = YES;
				CLANG_WARN_BLOCK_CAPTURE_AUTORELEASING = YES;
				CLANG_WARN_BOOL_CONVERSION = YES;
				CLANG_WARN_COMMA = YES;
				CLANG_WARN_CONSTANT_CONVERSION = YES;
				CLANG_WARN_DEPRECATED_OBJC_IMPLEMENTATIONS = YES;
				CLANG_WARN_DIRECT_OBJC_ISA_USAGE = YES_ERROR;
				CLANG_WARN_DOCUMENTATION_COMMENTS = YES;
				CLANG_WARN_EMPTY_BODY = YES;
				CLANG_WARN_ENUM_CONVERSION = YES;
				CLANG_WARN_INFINITE_RECURSION = YES;
				CLANG_WARN_INT_CONVERSION = YES;
				CLANG_WARN_NON_LITERAL_NULL_CONVERSION = YES;
				CLANG_WARN_OBJC_IMPLICIT_RETAIN_SELF = YES;
				CLANG_WARN_OBJC_LITERAL_CONVERSION = YES;
				CLANG_WARN_OBJC_ROOT_CLASS = YES_ERROR;
				CLANG_WARN_QUOTED_INCLUDE_IN_FRAMEWORK_HEADER = YES;
				CLANG_WARN_RANGE_LOOP_ANALYSIS = YES;
				CLANG_WARN_STRICT_PROTOTYPES = YES;
				CLANG_WARN_SUSPICIOUS_MOVE = YES;
				CLANG_WARN_UNGUARDED_AVAILABILITY = YES_AGGRESSIVE;
				CLANG_WARN_UNREACHABLE_CODE = YES;
				CLANG_WARN__DUPLICATE_METHOD_MATCH = YES;
				COPY_PHASE_STRIP = NO;
				DEBUG_INFORMATION_FORMAT = "dwarf-with-dsym";
				ENABLE_NS_ASSERTIONS = NO;
				ENABLE_STRICT_OBJC_MSGSEND = YES;
				GCC_C_LANGUAGE_STANDARD = gnu11;
				GCC_NO_COMMON_BLOCKS = YES;
				GCC_WARN_64_TO_32_BIT_CONVERSION = YES;
				GCC_WARN_ABOUT_RETURN_TYPE = YES_ERROR;
				GCC_WARN_UNDECLARED_SELECTOR = YES;
				GCC_WARN_UNINITIALIZED_AUTOS = YES_AGGRESSIVE;
				GCC_WARN_UNUSED_FUNCTION = YES;
				GCC_WARN_UNUSED_VARIABLE = YES;
				MTL_ENABLE_DEBUG_INFO = NO;
				MTL_FAST_MATH = YES;
				SWIFT_COMPILATION_MODE = wholemodule;
				SWIFT_OPTIMIZATION_LEVEL = "-O";
			};
			name = Release;
		};
		87FF77D328B1885300D20483 /* Debug */ = {
			isa = XCBuildConfiguration;
			buildSettings = {
				ASSETCATALOG_COMPILER_APPICON_NAME = AppIcon;
				ASSETCATALOG_COMPILER_GLOBAL_ACCENT_COLOR_NAME = AccentColor;
				CODE_SIGN_ENTITLEMENTS = "Air Info/Air_Info.entitlements";
				CODE_SIGN_STYLE = Automatic;
				CURRENT_PROJECT_VERSION = 1;
				DEVELOPMENT_ASSET_PATHS = "\"Air Info/Preview Content\"";
				DEVELOPMENT_TEAM = 33MAXP8MNQ;
				ENABLE_HARDENED_RUNTIME = YES;
				ENABLE_PREVIEWS = YES;
				GENERATE_INFOPLIST_FILE = YES;
				"INFOPLIST_KEY_UIApplicationSceneManifest_Generation[sdk=iphoneos*]" = YES;
				"INFOPLIST_KEY_UIApplicationSceneManifest_Generation[sdk=iphonesimulator*]" = YES;
				"INFOPLIST_KEY_UIApplicationSupportsIndirectInputEvents[sdk=iphoneos*]" = YES;
				"INFOPLIST_KEY_UIApplicationSupportsIndirectInputEvents[sdk=iphonesimulator*]" = YES;
				"INFOPLIST_KEY_UILaunchScreen_Generation[sdk=iphoneos*]" = YES;
				"INFOPLIST_KEY_UILaunchScreen_Generation[sdk=iphonesimulator*]" = YES;
				"INFOPLIST_KEY_UIStatusBarStyle[sdk=iphoneos*]" = UIStatusBarStyleDefault;
				"INFOPLIST_KEY_UIStatusBarStyle[sdk=iphonesimulator*]" = UIStatusBarStyleDefault;
				INFOPLIST_KEY_UISupportedInterfaceOrientations = UIInterfaceOrientationPortrait;
				INFOPLIST_KEY_UISupportedInterfaceOrientations_iPad = "UIInterfaceOrientationLandscapeLeft UIInterfaceOrientationLandscapeRight UIInterfaceOrientationPortrait UIInterfaceOrientationPortraitUpsideDown";
				IPHONEOS_DEPLOYMENT_TARGET = 16.0;
				LD_RUNPATH_SEARCH_PATHS = "@executable_path/Frameworks";
				"LD_RUNPATH_SEARCH_PATHS[sdk=macosx*]" = "@executable_path/../Frameworks";
				MACOSX_DEPLOYMENT_TARGET = 12.5;
				MARKETING_VERSION = 1.0;
				PRODUCT_BUNDLE_IDENTIFIER = "com.jasonkoehn.Air-Info";
				PRODUCT_NAME = "$(TARGET_NAME)";
				SDKROOT = auto;
				SUPPORTED_PLATFORMS = "iphoneos iphonesimulator macosx";
				SWIFT_EMIT_LOC_STRINGS = YES;
				SWIFT_VERSION = 5.0;
				TARGETED_DEVICE_FAMILY = "1,2";
			};
			name = Debug;
		};
		87FF77D428B1885300D20483 /* Release */ = {
			isa = XCBuildConfiguration;
			buildSettings = {
				ASSETCATALOG_COMPILER_APPICON_NAME = AppIcon;
				ASSETCATALOG_COMPILER_GLOBAL_ACCENT_COLOR_NAME = AccentColor;
				CODE_SIGN_ENTITLEMENTS = "Air Info/Air_Info.entitlements";
				CODE_SIGN_STYLE = Automatic;
				CURRENT_PROJECT_VERSION = 1;
				DEVELOPMENT_ASSET_PATHS = "\"Air Info/Preview Content\"";
				DEVELOPMENT_TEAM = 33MAXP8MNQ;
				ENABLE_HARDENED_RUNTIME = YES;
				ENABLE_PREVIEWS = YES;
				GENERATE_INFOPLIST_FILE = YES;
				"INFOPLIST_KEY_UIApplicationSceneManifest_Generation[sdk=iphoneos*]" = YES;
				"INFOPLIST_KEY_UIApplicationSceneManifest_Generation[sdk=iphonesimulator*]" = YES;
				"INFOPLIST_KEY_UIApplicationSupportsIndirectInputEvents[sdk=iphoneos*]" = YES;
				"INFOPLIST_KEY_UIApplicationSupportsIndirectInputEvents[sdk=iphonesimulator*]" = YES;
				"INFOPLIST_KEY_UILaunchScreen_Generation[sdk=iphoneos*]" = YES;
				"INFOPLIST_KEY_UILaunchScreen_Generation[sdk=iphonesimulator*]" = YES;
				"INFOPLIST_KEY_UIStatusBarStyle[sdk=iphoneos*]" = UIStatusBarStyleDefault;
				"INFOPLIST_KEY_UIStatusBarStyle[sdk=iphonesimulator*]" = UIStatusBarStyleDefault;
				INFOPLIST_KEY_UISupportedInterfaceOrientations = UIInterfaceOrientationPortrait;
				INFOPLIST_KEY_UISupportedInterfaceOrientations_iPad = "UIInterfaceOrientationLandscapeLeft UIInterfaceOrientationLandscapeRight UIInterfaceOrientationPortrait UIInterfaceOrientationPortraitUpsideDown";
				IPHONEOS_DEPLOYMENT_TARGET = 16.0;
				LD_RUNPATH_SEARCH_PATHS = "@executable_path/Frameworks";
				"LD_RUNPATH_SEARCH_PATHS[sdk=macosx*]" = "@executable_path/../Frameworks";
				MACOSX_DEPLOYMENT_TARGET = 12.5;
				MARKETING_VERSION = 1.0;
				PRODUCT_BUNDLE_IDENTIFIER = "com.jasonkoehn.Air-Info";
				PRODUCT_NAME = "$(TARGET_NAME)";
				SDKROOT = auto;
				SUPPORTED_PLATFORMS = "iphoneos iphonesimulator macosx";
				SWIFT_EMIT_LOC_STRINGS = YES;
				SWIFT_VERSION = 5.0;
				TARGETED_DEVICE_FAMILY = "1,2";
			};
			name = Release;
		};
		87FF77D628B1885300D20483 /* Debug */ = {
			isa = XCBuildConfiguration;
			buildSettings = {
				ALWAYS_EMBED_SWIFT_STANDARD_LIBRARIES = YES;
				BUNDLE_LOADER = "$(TEST_HOST)";
				CODE_SIGN_STYLE = Automatic;
				CURRENT_PROJECT_VERSION = 1;
				DEVELOPMENT_TEAM = 33MAXP8MNQ;
				GENERATE_INFOPLIST_FILE = YES;
				IPHONEOS_DEPLOYMENT_TARGET = 16.0;
				MACOSX_DEPLOYMENT_TARGET = 12.5;
				MARKETING_VERSION = 1.0;
				PRODUCT_BUNDLE_IDENTIFIER = "com.jasonkoehn.Air-InfoTests";
				PRODUCT_NAME = "$(TARGET_NAME)";
				SDKROOT = auto;
				SUPPORTED_PLATFORMS = "iphoneos iphonesimulator macosx";
				SWIFT_EMIT_LOC_STRINGS = NO;
				SWIFT_VERSION = 5.0;
				TARGETED_DEVICE_FAMILY = "1,2";
				TEST_HOST = "$(BUILT_PRODUCTS_DIR)/Air Info.app/$(BUNDLE_EXECUTABLE_FOLDER_PATH)/Air Info";
			};
			name = Debug;
		};
		87FF77D728B1885300D20483 /* Release */ = {
			isa = XCBuildConfiguration;
			buildSettings = {
				ALWAYS_EMBED_SWIFT_STANDARD_LIBRARIES = YES;
				BUNDLE_LOADER = "$(TEST_HOST)";
				CODE_SIGN_STYLE = Automatic;
				CURRENT_PROJECT_VERSION = 1;
				DEVELOPMENT_TEAM = 33MAXP8MNQ;
				GENERATE_INFOPLIST_FILE = YES;
				IPHONEOS_DEPLOYMENT_TARGET = 16.0;
				MACOSX_DEPLOYMENT_TARGET = 12.5;
				MARKETING_VERSION = 1.0;
				PRODUCT_BUNDLE_IDENTIFIER = "com.jasonkoehn.Air-InfoTests";
				PRODUCT_NAME = "$(TARGET_NAME)";
				SDKROOT = auto;
				SUPPORTED_PLATFORMS = "iphoneos iphonesimulator macosx";
				SWIFT_EMIT_LOC_STRINGS = NO;
				SWIFT_VERSION = 5.0;
				TARGETED_DEVICE_FAMILY = "1,2";
				TEST_HOST = "$(BUILT_PRODUCTS_DIR)/Air Info.app/$(BUNDLE_EXECUTABLE_FOLDER_PATH)/Air Info";
			};
			name = Release;
		};
		87FF77D928B1885300D20483 /* Debug */ = {
			isa = XCBuildConfiguration;
			buildSettings = {
				ALWAYS_EMBED_SWIFT_STANDARD_LIBRARIES = YES;
				CODE_SIGN_STYLE = Automatic;
				CURRENT_PROJECT_VERSION = 1;
				DEVELOPMENT_TEAM = 33MAXP8MNQ;
				GENERATE_INFOPLIST_FILE = YES;
				IPHONEOS_DEPLOYMENT_TARGET = 16.0;
				MACOSX_DEPLOYMENT_TARGET = 12.5;
				MARKETING_VERSION = 1.0;
				PRODUCT_BUNDLE_IDENTIFIER = "com.jasonkoehn.Air-InfoUITests";
				PRODUCT_NAME = "$(TARGET_NAME)";
				SDKROOT = auto;
				SUPPORTED_PLATFORMS = "iphoneos iphonesimulator macosx";
				SWIFT_EMIT_LOC_STRINGS = NO;
				SWIFT_VERSION = 5.0;
				TARGETED_DEVICE_FAMILY = "1,2";
				TEST_TARGET_NAME = "Air Info";
			};
			name = Debug;
		};
		87FF77DA28B1885300D20483 /* Release */ = {
			isa = XCBuildConfiguration;
			buildSettings = {
				ALWAYS_EMBED_SWIFT_STANDARD_LIBRARIES = YES;
				CODE_SIGN_STYLE = Automatic;
				CURRENT_PROJECT_VERSION = 1;
				DEVELOPMENT_TEAM = 33MAXP8MNQ;
				GENERATE_INFOPLIST_FILE = YES;
				IPHONEOS_DEPLOYMENT_TARGET = 16.0;
				MACOSX_DEPLOYMENT_TARGET = 12.5;
				MARKETING_VERSION = 1.0;
				PRODUCT_BUNDLE_IDENTIFIER = "com.jasonkoehn.Air-InfoUITests";
				PRODUCT_NAME = "$(TARGET_NAME)";
				SDKROOT = auto;
				SUPPORTED_PLATFORMS = "iphoneos iphonesimulator macosx";
				SWIFT_EMIT_LOC_STRINGS = NO;
				SWIFT_VERSION = 5.0;
				TARGETED_DEVICE_FAMILY = "1,2";
				TEST_TARGET_NAME = "Air Info";
			};
			name = Release;
		};
/* End XCBuildConfiguration section */

/* Begin XCConfigurationList section */
		87FF77A828B1885200D20483 /* Build configuration list for PBXProject "Air Info" */ = {
			isa = XCConfigurationList;
			buildConfigurations = (
				87FF77D028B1885300D20483 /* Debug */,
				87FF77D128B1885300D20483 /* Release */,
			);
			defaultConfigurationIsVisible = 0;
			defaultConfigurationName = Release;
		};
		87FF77D228B1885300D20483 /* Build configuration list for PBXNativeTarget "Air Info" */ = {
			isa = XCConfigurationList;
			buildConfigurations = (
				87FF77D328B1885300D20483 /* Debug */,
				87FF77D428B1885300D20483 /* Release */,
			);
			defaultConfigurationIsVisible = 0;
			defaultConfigurationName = Release;
		};
		87FF77D528B1885300D20483 /* Build configuration list for PBXNativeTarget "Air InfoTests" */ = {
			isa = XCConfigurationList;
			buildConfigurations = (
				87FF77D628B1885300D20483 /* Debug */,
				87FF77D728B1885300D20483 /* Release */,
			);
			defaultConfigurationIsVisible = 0;
			defaultConfigurationName = Release;
		};
		87FF77D828B1885300D20483 /* Build configuration list for PBXNativeTarget "Air InfoUITests" */ = {
			isa = XCConfigurationList;
			buildConfigurations = (
				87FF77D928B1885300D20483 /* Debug */,
				87FF77DA28B1885300D20483 /* Release */,
			);
			defaultConfigurationIsVisible = 0;
			defaultConfigurationName = Release;
		};
/* End XCConfigurationList section */
	};
	rootObject = 87FF77A528B1885200D20483 /* Project object */;
}
